// !$*UTF8*$!
{
	archiveVersion = 1;
	classes = {
	};
	objectVersion = 50;
	objects = {

/* Begin PBXBuildFile section */
		2D7470E92651812800BB0686 /* AppDelegate.swift in Sources */ = {isa = PBXBuildFile; fileRef = 2D7470E82651812800BB0686 /* AppDelegate.swift */; };
		2D7470EB2651812800BB0686 /* SceneDelegate.swift in Sources */ = {isa = PBXBuildFile; fileRef = 2D7470EA2651812800BB0686 /* SceneDelegate.swift */; };
		2D7470ED2651812800BB0686 /* ViewController.swift in Sources */ = {isa = PBXBuildFile; fileRef = 2D7470EC2651812800BB0686 /* ViewController.swift */; };
		2D7470F02651812800BB0686 /* Main.storyboard in Resources */ = {isa = PBXBuildFile; fileRef = 2D7470EE2651812800BB0686 /* Main.storyboard */; };
		2D7470F22651812A00BB0686 /* Assets.xcassets in Resources */ = {isa = PBXBuildFile; fileRef = 2D7470F12651812A00BB0686 /* Assets.xcassets */; };
		2D7470F52651812A00BB0686 /* LaunchScreen.storyboard in Resources */ = {isa = PBXBuildFile; fileRef = 2D7470F32651812A00BB0686 /* LaunchScreen.storyboard */; };
		2D7471002651812A00BB0686 /* GalleryAppTests.swift in Sources */ = {isa = PBXBuildFile; fileRef = 2D7470FF2651812A00BB0686 /* GalleryAppTests.swift */; };
		2D74710B2651812A00BB0686 /* GalleryAppUITests.swift in Sources */ = {isa = PBXBuildFile; fileRef = 2D74710A2651812A00BB0686 /* GalleryAppUITests.swift */; };
		2D74711D2651821800BB0686 /* ImageCollectionViewCell.swift in Sources */ = {isa = PBXBuildFile; fileRef = 2D74711B2651821800BB0686 /* ImageCollectionViewCell.swift */; };
		2D74711E2651821800BB0686 /* ImageCollectionViewCell.xib in Resources */ = {isa = PBXBuildFile; fileRef = 2D74711C2651821800BB0686 /* ImageCollectionViewCell.xib */; };
/* End PBXBuildFile section */

/* Begin PBXContainerItemProxy section */
		2D7470FC2651812A00BB0686 /* PBXContainerItemProxy */ = {
			isa = PBXContainerItemProxy;
			containerPortal = 2D7470DD2651812800BB0686 /* Project object */;
			proxyType = 1;
			remoteGlobalIDString = 2D7470E42651812800BB0686;
			remoteInfo = GalleryApp;
		};
		2D7471072651812A00BB0686 /* PBXContainerItemProxy */ = {
			isa = PBXContainerItemProxy;
			containerPortal = 2D7470DD2651812800BB0686 /* Project object */;
			proxyType = 1;
			remoteGlobalIDString = 2D7470E42651812800BB0686;
			remoteInfo = GalleryApp;
		};
/* End PBXContainerItemProxy section */

/* Begin PBXFileReference section */
		2D7470E52651812800BB0686 /* GalleryApp.app */ = {isa = PBXFileReference; explicitFileType = wrapper.application; includeInIndex = 0; path = GalleryApp.app; sourceTree = BUILT_PRODUCTS_DIR; };
		2D7470E82651812800BB0686 /* AppDelegate.swift */ = {isa = PBXFileReference; lastKnownFileType = sourcecode.swift; path = AppDelegate.swift; sourceTree = "<group>"; };
		2D7470EA2651812800BB0686 /* SceneDelegate.swift */ = {isa = PBXFileReference; lastKnownFileType = sourcecode.swift; path = SceneDelegate.swift; sourceTree = "<group>"; };
		2D7470EC2651812800BB0686 /* ViewController.swift */ = {isa = PBXFileReference; lastKnownFileType = sourcecode.swift; path = ViewController.swift; sourceTree = "<group>"; };
		2D7470EF2651812800BB0686 /* Base */ = {isa = PBXFileReference; lastKnownFileType = file.storyboard; name = Base; path = Base.lproj/Main.storyboard; sourceTree = "<group>"; };
		2D7470F12651812A00BB0686 /* Assets.xcassets */ = {isa = PBXFileReference; lastKnownFileType = folder.assetcatalog; path = Assets.xcassets; sourceTree = "<group>"; };
		2D7470F42651812A00BB0686 /* Base */ = {isa = PBXFileReference; lastKnownFileType = file.storyboard; name = Base; path = Base.lproj/LaunchScreen.storyboard; sourceTree = "<group>"; };
		2D7470F62651812A00BB0686 /* Info.plist */ = {isa = PBXFileReference; lastKnownFileType = text.plist.xml; path = Info.plist; sourceTree = "<group>"; };
		2D7470FB2651812A00BB0686 /* GalleryAppTests.xctest */ = {isa = PBXFileReference; explicitFileType = wrapper.cfbundle; includeInIndex = 0; path = GalleryAppTests.xctest; sourceTree = BUILT_PRODUCTS_DIR; };
		2D7470FF2651812A00BB0686 /* GalleryAppTests.swift */ = {isa = PBXFileReference; lastKnownFileType = sourcecode.swift; path = GalleryAppTests.swift; sourceTree = "<group>"; };
		2D7471012651812A00BB0686 /* Info.plist */ = {isa = PBXFileReference; lastKnownFileType = text.plist.xml; path = Info.plist; sourceTree = "<group>"; };
		2D7471062651812A00BB0686 /* GalleryAppUITests.xctest */ = {isa = PBXFileReference; explicitFileType = wrapper.cfbundle; includeInIndex = 0; path = GalleryAppUITests.xctest; sourceTree = BUILT_PRODUCTS_DIR; };
		2D74710A2651812A00BB0686 /* GalleryAppUITests.swift */ = {isa = PBXFileReference; lastKnownFileType = sourcecode.swift; path = GalleryAppUITests.swift; sourceTree = "<group>"; };
		2D74710C2651812A00BB0686 /* Info.plist */ = {isa = PBXFileReference; lastKnownFileType = text.plist.xml; path = Info.plist; sourceTree = "<group>"; };
		2D74711B2651821800BB0686 /* ImageCollectionViewCell.swift */ = {isa = PBXFileReference; lastKnownFileType = sourcecode.swift; path = ImageCollectionViewCell.swift; sourceTree = "<group>"; };
		2D74711C2651821800BB0686 /* ImageCollectionViewCell.xib */ = {isa = PBXFileReference; lastKnownFileType = file.xib; path = ImageCollectionViewCell.xib; sourceTree = "<group>"; };
/* End PBXFileReference section */

/* Begin PBXFrameworksBuildPhase section */
		2D7470E22651812800BB0686 /* Frameworks */ = {
			isa = PBXFrameworksBuildPhase;
			buildActionMask = 2147483647;
			files = (
			);
			runOnlyForDeploymentPostprocessing = 0;
		};
		2D7470F82651812A00BB0686 /* Frameworks */ = {
			isa = PBXFrameworksBuildPhase;
			buildActionMask = 2147483647;
			files = (
			);
			runOnlyForDeploymentPostprocessing = 0;
		};
		2D7471032651812A00BB0686 /* Frameworks */ = {
			isa = PBXFrameworksBuildPhase;
			buildActionMask = 2147483647;
			files = (
			);
			runOnlyForDeploymentPostprocessing = 0;
		};
/* End PBXFrameworksBuildPhase section */

/* Begin PBXGroup section */
		2D7470DC2651812800BB0686 = {
			isa = PBXGroup;
			children = (
				2D7470E72651812800BB0686 /* GalleryApp */,
				2D7470FE2651812A00BB0686 /* GalleryAppTests */,
				2D7471092651812A00BB0686 /* GalleryAppUITests */,
				2D7470E62651812800BB0686 /* Products */,
			);
			sourceTree = "<group>";
		};
		2D7470E62651812800BB0686 /* Products */ = {
			isa = PBXGroup;
			children = (
				2D7470E52651812800BB0686 /* GalleryApp.app */,
				2D7470FB2651812A00BB0686 /* GalleryAppTests.xctest */,
				2D7471062651812A00BB0686 /* GalleryAppUITests.xctest */,
			);
			name = Products;
			sourceTree = "<group>";
		};
		2D7470E72651812800BB0686 /* GalleryApp */ = {
			isa = PBXGroup;
			children = (
				2D7470E82651812800BB0686 /* AppDelegate.swift */,
				2D7470EA2651812800BB0686 /* SceneDelegate.swift */,
				2D7470EC2651812800BB0686 /* ViewController.swift */,
				2D7470EE2651812800BB0686 /* Main.storyboard */,
				2D7470F12651812A00BB0686 /* Assets.xcassets */,
				2D7470F32651812A00BB0686 /* LaunchScreen.storyboard */,
				2D7470F62651812A00BB0686 /* Info.plist */,
				2D74711B2651821800BB0686 /* ImageCollectionViewCell.swift */,
				2D74711C2651821800BB0686 /* ImageCollectionViewCell.xib */,
			);
			path = GalleryApp;
			sourceTree = "<group>";
		};
		2D7470FE2651812A00BB0686 /* GalleryAppTests */ = {
			isa = PBXGroup;
			children = (
				2D7470FF2651812A00BB0686 /* GalleryAppTests.swift */,
				2D7471012651812A00BB0686 /* Info.plist */,
			);
			path = GalleryAppTests;
			sourceTree = "<group>";
		};
		2D7471092651812A00BB0686 /* GalleryAppUITests */ = {
			isa = PBXGroup;
			children = (
				2D74710A2651812A00BB0686 /* GalleryAppUITests.swift */,
				2D74710C2651812A00BB0686 /* Info.plist */,
			);
			path = GalleryAppUITests;
			sourceTree = "<group>";
		};
/* End PBXGroup section */

/* Begin PBXNativeTarget section */
		2D7470E42651812800BB0686 /* GalleryApp */ = {
			isa = PBXNativeTarget;
			buildConfigurationList = 2D74710F2651812A00BB0686 /* Build configuration list for PBXNativeTarget "GalleryApp" */;
			buildPhases = (
				2D7470E12651812800BB0686 /* Sources */,
				2D7470E22651812800BB0686 /* Frameworks */,
				2D7470E32651812800BB0686 /* Resources */,
			);
			buildRules = (
			);
			dependencies = (
			);
			name = GalleryApp;
			productName = GalleryApp;
			productReference = 2D7470E52651812800BB0686 /* GalleryApp.app */;
			productType = "com.apple.product-type.application";
		};
		2D7470FA2651812A00BB0686 /* GalleryAppTests */ = {
			isa = PBXNativeTarget;
			buildConfigurationList = 2D7471122651812A00BB0686 /* Build configuration list for PBXNativeTarget "GalleryAppTests" */;
			buildPhases = (
				2D7470F72651812A00BB0686 /* Sources */,
				2D7470F82651812A00BB0686 /* Frameworks */,
				2D7470F92651812A00BB0686 /* Resources */,
			);
			buildRules = (
			);
			dependencies = (
				2D7470FD2651812A00BB0686 /* PBXTargetDependency */,
			);
			name = GalleryAppTests;
			productName = GalleryAppTests;
			productReference = 2D7470FB2651812A00BB0686 /* GalleryAppTests.xctest */;
			productType = "com.apple.product-type.bundle.unit-test";
		};
		2D7471052651812A00BB0686 /* GalleryAppUITests */ = {
			isa = PBXNativeTarget;
			buildConfigurationList = 2D7471152651812A00BB0686 /* Build configuration list for PBXNativeTarget "GalleryAppUITests" */;
			buildPhases = (
				2D7471022651812A00BB0686 /* Sources */,
				2D7471032651812A00BB0686 /* Frameworks */,
				2D7471042651812A00BB0686 /* Resources */,
			);
			buildRules = (
			);
			dependencies = (
				2D7471082651812A00BB0686 /* PBXTargetDependency */,
			);
			name = GalleryAppUITests;
			productName = GalleryAppUITests;
			productReference = 2D7471062651812A00BB0686 /* GalleryAppUITests.xctest */;
			productType = "com.apple.product-type.bundle.ui-testing";
		};
/* End PBXNativeTarget section */

/* Begin PBXProject section */
		2D7470DD2651812800BB0686 /* Project object */ = {
			isa = PBXProject;
			attributes = {
				LastSwiftUpdateCheck = 1240;
				LastUpgradeCheck = 1240;
				TargetAttributes = {
					2D7470E42651812800BB0686 = {
						CreatedOnToolsVersion = 12.4;
					};
					2D7470FA2651812A00BB0686 = {
						CreatedOnToolsVersion = 12.4;
						TestTargetID = 2D7470E42651812800BB0686;
					};
					2D7471052651812A00BB0686 = {
						CreatedOnToolsVersion = 12.4;
						TestTargetID = 2D7470E42651812800BB0686;
					};
				};
			};
			buildConfigurationList = 2D7470E02651812800BB0686 /* Build configuration list for PBXProject "GalleryApp" */;
			compatibilityVersion = "Xcode 9.3";
			developmentRegion = en;
			hasScannedForEncodings = 0;
			knownRegions = (
				en,
				Base,
			);
			mainGroup = 2D7470DC2651812800BB0686;
			productRefGroup = 2D7470E62651812800BB0686 /* Products */;
			projectDirPath = "";
			projectRoot = "";
			targets = (
				2D7470E42651812800BB0686 /* GalleryApp */,
				2D7470FA2651812A00BB0686 /* GalleryAppTests */,
				2D7471052651812A00BB0686 /* GalleryAppUITests */,
			);
		};
/* End PBXProject section */

/* Begin PBXResourcesBuildPhase section */
		2D7470E32651812800BB0686 /* Resources */ = {
			isa = PBXResourcesBuildPhase;
			buildActionMask = 2147483647;
			files = (
				2D7470F52651812A00BB0686 /* LaunchScreen.storyboard in Resources */,
				2D7470F22651812A00BB0686 /* Assets.xcassets in Resources */,
				2D74711E2651821800BB0686 /* ImageCollectionViewCell.xib in Resources */,
				2D7470F02651812800BB0686 /* Main.storyboard in Resources */,
			);
			runOnlyForDeploymentPostprocessing = 0;
		};
		2D7470F92651812A00BB0686 /* Resources */ = {
			isa = PBXResourcesBuildPhase;
			buildActionMask = 2147483647;
			files = (
			);
			runOnlyForDeploymentPostprocessing = 0;
		};
		2D7471042651812A00BB0686 /* Resources */ = {
			isa = PBXResourcesBuildPhase;
			buildActionMask = 2147483647;
			files = (
			);
			runOnlyForDeploymentPostprocessing = 0;
		};
/* End PBXResourcesBuildPhase section */

/* Begin PBXSourcesBuildPhase section */
		2D7470E12651812800BB0686 /* Sources */ = {
			isa = PBXSourcesBuildPhase;
			buildActionMask = 2147483647;
			files = (
				2D7470ED2651812800BB0686 /* ViewController.swift in Sources */,
				2D7470E92651812800BB0686 /* AppDelegate.swift in Sources */,
				2D74711D2651821800BB0686 /* ImageCollectionViewCell.swift in Sources */,
				2D7470EB2651812800BB0686 /* SceneDelegate.swift in Sources */,
			);
			runOnlyForDeploymentPostprocessing = 0;
		};
		2D7470F72651812A00BB0686 /* Sources */ = {
			isa = PBXSourcesBuildPhase;
			buildActionMask = 2147483647;
			files = (
				2D7471002651812A00BB0686 /* GalleryAppTests.swift in Sources */,
			);
			runOnlyForDeploymentPostprocessing = 0;
		};
		2D7471022651812A00BB0686 /* Sources */ = {
			isa = PBXSourcesBuildPhase;
			buildActionMask = 2147483647;
			files = (
				2D74710B2651812A00BB0686 /* GalleryAppUITests.swift in Sources */,
			);
			runOnlyForDeploymentPostprocessing = 0;
		};
/* End PBXSourcesBuildPhase section */

/* Begin PBXTargetDependency section */
		2D7470FD2651812A00BB0686 /* PBXTargetDependency */ = {
			isa = PBXTargetDependency;
			target = 2D7470E42651812800BB0686 /* GalleryApp */;
			targetProxy = 2D7470FC2651812A00BB0686 /* PBXContainerItemProxy */;
		};
		2D7471082651812A00BB0686 /* PBXTargetDependency */ = {
			isa = PBXTargetDependency;
			target = 2D7470E42651812800BB0686 /* GalleryApp */;
			targetProxy = 2D7471072651812A00BB0686 /* PBXContainerItemProxy */;
		};
/* End PBXTargetDependency section */

/* Begin PBXVariantGroup section */
		2D7470EE2651812800BB0686 /* Main.storyboard */ = {
			isa = PBXVariantGroup;
			children = (
				2D7470EF2651812800BB0686 /* Base */,
			);
			name = Main.storyboard;
			sourceTree = "<group>";
		};
		2D7470F32651812A00BB0686 /* LaunchScreen.storyboard */ = {
			isa = PBXVariantGroup;
			children = (
				2D7470F42651812A00BB0686 /* Base */,
			);
			name = LaunchScreen.storyboard;
			sourceTree = "<group>";
		};
/* End PBXVariantGroup section */

/* Begin XCBuildConfiguration section */
		2D74710D2651812A00BB0686 /* Debug */ = {
			isa = XCBuildConfiguration;
			buildSettings = {
				ALWAYS_SEARCH_USER_PATHS = NO;
				CLANG_ANALYZER_NONNULL = YES;
				CLANG_ANALYZER_NUMBER_OBJECT_CONVERSION = YES_AGGRESSIVE;
				CLANG_CXX_LANGUAGE_STANDARD = "gnu++14";
				CLANG_CXX_LIBRARY = "libc++";
				CLANG_ENABLE_MODULES = YES;
				CLANG_ENABLE_OBJC_ARC = YES;
				CLANG_ENABLE_OBJC_WEAK = YES;
				CLANG_WARN_BLOCK_CAPTURE_AUTORELEASING = YES;
				CLANG_WARN_BOOL_CONVERSION = YES;
				CLANG_WARN_COMMA = YES;
				CLANG_WARN_CONSTANT_CONVERSION = YES;
				CLANG_WARN_DEPRECATED_OBJC_IMPLEMENTATIONS = YES;
				CLANG_WARN_DIRECT_OBJC_ISA_USAGE = YES_ERROR;
				CLANG_WARN_DOCUMENTATION_COMMENTS = YES;
				CLANG_WARN_EMPTY_BODY = YES;
				CLANG_WARN_ENUM_CONVERSION = YES;
				CLANG_WARN_INFINITE_RECURSION = YES;
				CLANG_WARN_INT_CONVERSION = YES;
				CLANG_WARN_NON_LITERAL_NULL_CONVERSION = YES;
				CLANG_WARN_OBJC_IMPLICIT_RETAIN_SELF = YES;
				CLANG_WARN_OBJC_LITERAL_CONVERSION = YES;
				CLANG_WARN_OBJC_ROOT_CLASS = YES_ERROR;
				CLANG_WARN_QUOTED_INCLUDE_IN_FRAMEWORK_HEADER = YES;
				CLANG_WARN_RANGE_LOOP_ANALYSIS = YES;
				CLANG_WARN_STRICT_PROTOTYPES = YES;
				CLANG_WARN_SUSPICIOUS_MOVE = YES;
				CLANG_WARN_UNGUARDED_AVAILABILITY = YES_AGGRESSIVE;
				CLANG_WARN_UNREACHABLE_CODE = YES;
				CLANG_WARN__DUPLICATE_METHOD_MATCH = YES;
				COPY_PHASE_STRIP = NO;
				DEBUG_INFORMATION_FORMAT = dwarf;
				ENABLE_STRICT_OBJC_MSGSEND = YES;
				ENABLE_TESTABILITY = YES;
				GCC_C_LANGUAGE_STANDARD = gnu11;
				GCC_DYNAMIC_NO_PIC = NO;
				GCC_NO_COMMON_BLOCKS = YES;
				GCC_OPTIMIZATION_LEVEL = 0;
				GCC_PREPROCESSOR_DEFINITIONS = (
					"DEBUG=1",
					"$(inherited)",
				);
				GCC_WARN_64_TO_32_BIT_CONVERSION = YES;
				GCC_WARN_ABOUT_RETURN_TYPE = YES_ERROR;
				GCC_WARN_UNDECLARED_SELECTOR = YES;
				GCC_WARN_UNINITIALIZED_AUTOS = YES_AGGRESSIVE;
				GCC_WARN_UNUSED_FUNCTION = YES;
				GCC_WARN_UNUSED_VARIABLE = YES;
				IPHONEOS_DEPLOYMENT_TARGET = 14.4;
				MTL_ENABLE_DEBUG_INFO = INCLUDE_SOURCE;
				MTL_FAST_MATH = YES;
				ONLY_ACTIVE_ARCH = YES;
				SDKROOT = iphoneos;
				SWIFT_ACTIVE_COMPILATION_CONDITIONS = DEBUG;
				SWIFT_OPTIMIZATION_LEVEL = "-Onone";
			};
			name = Debug;
		};
		2D74710E2651812A00BB0686 /* Release */ = {
			isa = XCBuildConfiguration;
			buildSettings = {
				ALWAYS_SEARCH_USER_PATHS = NO;
				CLANG_ANALYZER_NONNULL = YES;
				CLANG_ANALYZER_NUMBER_OBJECT_CONVERSION = YES_AGGRESSIVE;
				CLANG_CXX_LANGUAGE_STANDARD = "gnu++14";
				CLANG_CXX_LIBRARY = "libc++";
				CLANG_ENABLE_MODULES = YES;
				CLANG_ENABLE_OBJC_ARC = YES;
				CLANG_ENABLE_OBJC_WEAK = YES;
				CLANG_WARN_BLOCK_CAPTURE_AUTORELEASING = YES;
				CLANG_WARN_BOOL_CONVERSION = YES;
				CLANG_WARN_COMMA = YES;
				CLANG_WARN_CONSTANT_CONVERSION = YES;
				CLANG_WARN_DEPRECATED_OBJC_IMPLEMENTATIONS = YES;
				CLANG_WARN_DIRECT_OBJC_ISA_USAGE = YES_ERROR;
				CLANG_WARN_DOCUMENTATION_COMMENTS = YES;
				CLANG_WARN_EMPTY_BODY = YES;
				CLANG_WARN_ENUM_CONVERSION = YES;
				CLANG_WARN_INFINITE_RECURSION = YES;
				CLANG_WARN_INT_CONVERSION = YES;
				CLANG_WARN_NON_LITERAL_NULL_CONVERSION = YES;
				CLANG_WARN_OBJC_IMPLICIT_RETAIN_SELF = YES;
				CLANG_WARN_OBJC_LITERAL_CONVERSION = YES;
				CLANG_WARN_OBJC_ROOT_CLASS = YES_ERROR;
				CLANG_WARN_QUOTED_INCLUDE_IN_FRAMEWORK_HEADER = YES;
				CLANG_WARN_RANGE_LOOP_ANALYSIS = YES;
				CLANG_WARN_STRICT_PROTOTYPES = YES;
				CLANG_WARN_SUSPICIOUS_MOVE = YES;
				CLANG_WARN_UNGUARDED_AVAILABILITY = YES_AGGRESSIVE;
				CLANG_WARN_UNREACHABLE_CODE = YES;
				CLANG_WARN__DUPLICATE_METHOD_MATCH = YES;
				COPY_PHASE_STRIP = NO;
				DEBUG_INFORMATION_FORMAT = "dwarf-with-dsym";
				ENABLE_NS_ASSERTIONS = NO;
				ENABLE_STRICT_OBJC_MSGSEND = YES;
				GCC_C_LANGUAGE_STANDARD = gnu11;
				GCC_NO_COMMON_BLOCKS = YES;
				GCC_WARN_64_TO_32_BIT_CONVERSION = YES;
				GCC_WARN_ABOUT_RETURN_TYPE = YES_ERROR;
				GCC_WARN_UNDECLARED_SELECTOR = YES;
				GCC_WARN_UNINITIALIZED_AUTOS = YES_AGGRESSIVE;
				GCC_WARN_UNUSED_FUNCTION = YES;
				GCC_WARN_UNUSED_VARIABLE = YES;
				IPHONEOS_DEPLOYMENT_TARGET = 14.4;
				MTL_ENABLE_DEBUG_INFO = NO;
				MTL_FAST_MATH = YES;
				SDKROOT = iphoneos;
				SWIFT_COMPILATION_MODE = wholemodule;
				SWIFT_OPTIMIZATION_LEVEL = "-O";
				VALIDATE_PRODUCT = YES;
			};
			name = Release;
		};
		2D7471102651812A00BB0686 /* Debug */ = {
			isa = XCBuildConfiguration;
			buildSettings = {
				ASSETCATALOG_COMPILER_APPICON_NAME = AppIcon;
				ASSETCATALOG_COMPILER_GLOBAL_ACCENT_COLOR_NAME = AccentColor;
				CODE_SIGN_STYLE = Automatic;
				INFOPLIST_FILE = GalleryApp/Info.plist;
				LD_RUNPATH_SEARCH_PATHS = (
					"$(inherited)",
					"@executable_path/Frameworks",
				);
				PRODUCT_BUNDLE_IDENTIFIER = Apple.GalleryApp;
				PRODUCT_NAME = "$(TARGET_NAME)";
				SWIFT_VERSION = 5.0;
				TARGETED_DEVICE_FAMILY = "1,2";
			};
			name = Debug;
		};
		2D7471112651812A00BB0686 /* Release */ = {
			isa = XCBuildConfiguration;
			buildSettings = {
				ASSETCATALOG_COMPILER_APPICON_NAME = AppIcon;
				ASSETCATALOG_COMPILER_GLOBAL_ACCENT_COLOR_NAME = AccentColor;
				CODE_SIGN_STYLE = Automatic;
				INFOPLIST_FILE = GalleryApp/Info.plist;
				LD_RUNPATH_SEARCH_PATHS = (
					"$(inherited)",
					"@executable_path/Frameworks",
				);
				PRODUCT_BUNDLE_IDENTIFIER = Apple.GalleryApp;
				PRODUCT_NAME = "$(TARGET_NAME)";
				SWIFT_VERSION = 5.0;
				TARGETED_DEVICE_FAMILY = "1,2";
			};
			name = Release;
		};
		2D7471132651812A00BB0686 /* Debug */ = {
			isa = XCBuildConfiguration;
			buildSettings = {
				ALWAYS_EMBED_SWIFT_STANDARD_LIBRARIES = YES;
				BUNDLE_LOADER = "$(TEST_HOST)";
				CODE_SIGN_STYLE = Automatic;
				INFOPLIST_FILE = GalleryAppTests/Info.plist;
				IPHONEOS_DEPLOYMENT_TARGET = 14.4;
				LD_RUNPATH_SEARCH_PATHS = (
					"$(inherited)",
					"@executable_path/Frameworks",
					"@loader_path/Frameworks",
				);
				PRODUCT_BUNDLE_IDENTIFIER = Apple.GalleryAppTests;
				PRODUCT_NAME = "$(TARGET_NAME)";
				SWIFT_VERSION = 5.0;
				TARGETED_DEVICE_FAMILY = "1,2";
				TEST_HOST = "$(BUILT_PRODUCTS_DIR)/GalleryApp.app/GalleryApp";
			};
			name = Debug;
		};
		2D7471142651812A00BB0686 /* Release */ = {
			isa = XCBuildConfiguration;
			buildSettings = {
				ALWAYS_EMBED_SWIFT_STANDARD_LIBRARIES = YES;
				BUNDLE_LOADER = "$(TEST_HOST)";
				CODE_SIGN_STYLE = Automatic;
				INFOPLIST_FILE = GalleryAppTests/Info.plist;
				IPHONEOS_DEPLOYMENT_TARGET = 14.4;
				LD_RUNPATH_SEARCH_PATHS = (
					"$(inherited)",
					"@executable_path/Frameworks",
					"@loader_path/Frameworks",
				);
				PRODUCT_BUNDLE_IDENTIFIER = Apple.GalleryAppTests;
				PRODUCT_NAME = "$(TARGET_NAME)";
				SWIFT_VERSION = 5.0;
				TARGETED_DEVICE_FAMILY = "1,2";
				TEST_HOST = "$(BUILT_PRODUCTS_DIR)/GalleryApp.app/GalleryApp";
			};
			name = Release;
		};
		2D7471162651812A00BB0686 /* Debug */ = {
			isa = XCBuildConfiguration;
			buildSettings = {
				ALWAYS_EMBED_SWIFT_STANDARD_LIBRARIES = YES;
				CODE_SIGN_STYLE = Automatic;
				INFOPLIST_FILE = GalleryAppUITests/Info.plist;
				LD_RUNPATH_SEARCH_PATHS = (
					"$(inherited)",
					"@executable_path/Frameworks",
					"@loader_path/Frameworks",
				);
				PRODUCT_BUNDLE_IDENTIFIER = Apple.GalleryAppUITests;
				PRODUCT_NAME = "$(TARGET_NAME)";
				SWIFT_VERSION = 5.0;
				TARGETED_DEVICE_FAMILY = "1,2";
				TEST_TARGET_NAME = GalleryApp;
			};
			name = Debug;
		};
		2D7471172651812A00BB0686 /* Release */ = {
			isa = XCBuildConfiguration;
			buildSettings = {
				ALWAYS_EMBED_SWIFT_STANDARD_LIBRARIES = YES;
				CODE_SIGN_STYLE = Automatic;
				INFOPLIST_FILE = GalleryAppUITests/Info.plist;
				LD_RUNPATH_SEARCH_PATHS = (
					"$(inherited)",
					"@executable_path/Frameworks",
					"@loader_path/Frameworks",
				);
				PRODUCT_BUNDLE_IDENTIFIER = Apple.GalleryAppUITests;
				PRODUCT_NAME = "$(TARGET_NAME)";
				SWIFT_VERSION = 5.0;
				TARGETED_DEVICE_FAMILY = "1,2";
				TEST_TARGET_NAME = GalleryApp;
			};
			name = Release;
		};
/* End XCBuildConfiguration section */

/* Begin XCConfigurationList section */
		2D7470E02651812800BB0686 /* Build configuration list for PBXProject "GalleryApp" */ = {
			isa = XCConfigurationList;
			buildConfigurations = (
				2D74710D2651812A00BB0686 /* Debug */,
				2D74710E2651812A00BB0686 /* Release */,
			);
			defaultConfigurationIsVisible = 0;
			defaultConfigurationName = Release;
		};
		2D74710F2651812A00BB0686 /* Build configuration list for PBXNativeTarget "GalleryApp" */ = {
			isa = XCConfigurationList;
			buildConfigurations = (
				2D7471102651812A00BB0686 /* Debug */,
				2D7471112651812A00BB0686 /* Release */,
			);
			defaultConfigurationIsVisible = 0;
			defaultConfigurationName = Release;
		};
		2D7471122651812A00BB0686 /* Build configuration list for PBXNativeTarget "GalleryAppTests" */ = {
			isa = XCConfigurationList;
			buildConfigurations = (
				2D7471132651812A00BB0686 /* Debug */,
				2D7471142651812A00BB0686 /* Release */,
			);
			defaultConfigurationIsVisible = 0;
			defaultConfigurationName = Release;
		};
		2D7471152651812A00BB0686 /* Build configuration list for PBXNativeTarget "GalleryAppUITests" */ = {
			isa = XCConfigurationList;
			buildConfigurations = (
				2D7471162651812A00BB0686 /* Debug */,
				2D7471172651812A00BB0686 /* Release */,
			);
			defaultConfigurationIsVisible = 0;
			defaultConfigurationName = Release;
		};
/* End XCConfigurationList section */
	};
	rootObject = 2D7470DD2651812800BB0686 /* Project object */;
}
